
Microsoft Visual Studio Solution File, Format Version 12.00
# Visual Studio Version 17
VisualStudioVersion = 17.2.32630.192
MinimumVisualStudioVersion = 10.0.40219.1
Project("{9A19103F-16F7-4668-BE54-9A1E7A4F7556}") = "R5T.Z0070.Construction", "R5T.Z0070.Construction\R5T.Z0070.Construction.csproj", "{896FDD6E-569D-4E96-9752-A3CBB2802977}"
EndProject
Project("{9A19103F-16F7-4668-BE54-9A1E7A4F7556}") = "R5T.Z0070", "R5T.Z0070\R5T.Z0070.csproj", "{B325A1EC-A18C-4486-B2A0-B14350905EE8}"
EndProject
Project("{2150E333-8FDC-42A3-9474-1A3956D46DE8}") = "_Dependencies", "_Dependencies", "{06531EDD-B775-4984-A4CF-82CE58721CA7}"
EndProject
Project("{9A19103F-16F7-4668-BE54-9A1E7A4F7556}") = "R5T.Z0070.Z000", "R5T.Z0070.Z000\R5T.Z0070.Z000.csproj", "{33FEC98A-8806-41BF-91AB-87970CB46167}"
EndProject
Project("{9A19103F-16F7-4668-BE54-9A1E7A4F7556}") = "R5T.F0000", "..\..\R5T.F0000\source\R5T.F0000\R5T.F0000.csproj", "{F568D5B4-6ED7-4D45-BCF8-3D12D2999CF8}"
EndProject
Project("{9A19103F-16F7-4668-BE54-9A1E7A4F7556}") = "R5T.F0002", "..\..\R5T.F0002\source\R5T.F0002\R5T.F0002.csproj", "{E1D43DD5-2D5F-4C69-91C2-AEF026F64EE5}"
EndProject
Project("{9A19103F-16F7-4668-BE54-9A1E7A4F7556}") = "R5T.F0059", "..\..\R5T.F0059\source\R5T.F0059\R5T.F0059.csproj", "{C21FC4B7-5F71-4A88-97FF-7741E7FB9B71}"
EndProject
Project("{9A19103F-16F7-4668-BE54-9A1E7A4F7556}") = "R5T.F0120", "..\..\R5T.F0120\source\R5T.F0120\R5T.F0120.csproj", "{4B561C34-13D1-4193-B464-130D0C9CB87E}"
EndProject
Project("{9A19103F-16F7-4668-BE54-9A1E7A4F7556}") = "R5T.F0124", "..\..\R5T.F0124\source\R5T.F0124\R5T.F0124.csproj", "{3CC694C3-5DA8-45A9-AD52-A9A63E4BF0E7}"
EndProject
Project("{9A19103F-16F7-4668-BE54-9A1E7A4F7556}") = "R5T.F0125", "..\..\R5T.F0125\source\R5T.F0125\R5T.F0125.csproj", "{AAA49BAE-CB04-47A2-AB8C-9378A756B22C}"
EndProject
Project("{9A19103F-16F7-4668-BE54-9A1E7A4F7556}") = "R5T.L0030.T000", "..\..\R5T.L0030\source\R5T.L0030.T000\R5T.L0030.T000.csproj", "{97B89BC9-8613-4AEA-860C-630E9E273F07}"
EndProject
Project("{9A19103F-16F7-4668-BE54-9A1E7A4F7556}") = "R5T.L0030", "..\..\R5T.L0030\source\R5T.L0030\R5T.L0030.csproj", "{12ABE603-5F6E-4587-AC18-0CB157C3F016}"
EndProject
Project("{9A19103F-16F7-4668-BE54-9A1E7A4F7556}") = "R5T.L0034", "..\..\R5T.L0034\source\R5T.L0034\R5T.L0034.csproj", "{5A60F645-6057-481F-BCC1-569C24D88C4E}"
EndProject
Project("{9A19103F-16F7-4668-BE54-9A1E7A4F7556}") = "R5T.L0035", "..\..\R5T.L0035\source\R5T.L0035\R5T.L0035.csproj", "{EB57516E-C907-4488-A255-BF56B88F7DB3}"
EndProject
Project("{9A19103F-16F7-4668-BE54-9A1E7A4F7556}") = "R5T.L0053", "..\..\R5T.L0053\source\R5T.L0053\R5T.L0053.csproj", "{EA64C990-2544-4D39-98C2-E160814D1930}"
EndProject
Project("{9A19103F-16F7-4668-BE54-9A1E7A4F7556}") = "R5T.L0056", "..\..\R5T.L0056\source\R5T.L0056\R5T.L0056.csproj", "{9F30226F-AF63-4ABA-A9F6-B17D4D124C8D}"
EndProject
Project("{9A19103F-16F7-4668-BE54-9A1E7A4F7556}") = "R5T.L0066", "..\..\R5T.L0066\source\R5T.L0066\R5T.L0066.csproj", "{4210B568-BF6C-4DAF-85D9-EE2D13E566C8}"
EndProject
Project("{9A19103F-16F7-4668-BE54-9A1E7A4F7556}") = "R5T.L0071", "..\..\R5T.L0071\source\R5T.L0071\R5T.L0071.csproj", "{0E94EEF9-3A6F-4B2F-967C-95679A711587}"
EndProject
Project("{9A19103F-16F7-4668-BE54-9A1E7A4F7556}") = "R5T.L0074", "..\..\R5T.L0074\source\R5T.L0074\R5T.L0074.csproj", "{F584F513-7174-4B92-A557-AFEC856638E2}"
EndProject
Project("{9A19103F-16F7-4668-BE54-9A1E7A4F7556}") = "R5T.L0089.F000", "..\..\R5T.L0089\source\R5T.L0089.F000\R5T.L0089.F000.csproj", "{D83671B5-32D8-4435-B87F-27747CE3D5A3}"
EndProject
Project("{9A19103F-16F7-4668-BE54-9A1E7A4F7556}") = "R5T.L0089.T000", "..\..\R5T.L0089\source\R5T.L0089.T000\R5T.L0089.T000.csproj", "{C5C058ED-E072-4D50-A6AF-E61D037BA3C0}"
EndProject
Project("{9A19103F-16F7-4668-BE54-9A1E7A4F7556}") = "R5T.L0089", "..\..\R5T.L0089\source\R5T.L0089\R5T.L0089.csproj", "{B446BA7E-C3F0-4CB9-80D2-A8BF35FA5F81}"
EndProject
Project("{9A19103F-16F7-4668-BE54-9A1E7A4F7556}") = "R5T.NG0006", "..\..\R5T.NG0006\source\R5T.NG0006\R5T.NG0006.csproj", "{099CF8C1-D47E-47D4-A617-78D4571A7A16}"
EndProject
Project("{9A19103F-16F7-4668-BE54-9A1E7A4F7556}") = "R5T.NG0022", "..\..\R5T.NG0022\source\R5T.NG0022\R5T.NG0022.csproj", "{BA6413F4-10C8-4082-9D37-4CFF97D48885}"
EndProject
Project("{9A19103F-16F7-4668-BE54-9A1E7A4F7556}") = "R5T.T0131", "..\..\R5T.T0131\source\R5T.T0131\R5T.T0131.csproj", "{C5DD01C4-762C-46D0-9C32-34AA1EA29BBD}"
EndProject
Project("{9A19103F-16F7-4668-BE54-9A1E7A4F7556}") = "R5T.T0132", "..\..\R5T.T0132\source\R5T.T0132\R5T.T0132.csproj", "{E4CFC09E-F6D9-41B7-AB10-F91BA1FCD014}"
EndProject
Project("{9A19103F-16F7-4668-BE54-9A1E7A4F7556}") = "R5T.T0142", "..\..\R5T.T0142\source\R5T.T0142\R5T.T0142.csproj", "{0BCB04E3-EAB1-4111-86F5-ABA9FCF22705}"
EndProject
Project("{9A19103F-16F7-4668-BE54-9A1E7A4F7556}") = "R5T.T0143", "..\..\R5T.T0143\source\R5T.T0143\R5T.T0143.csproj", "{8B4CE599-333B-4AA7-B778-D582152C4DB9}"
EndProject
Project("{9A19103F-16F7-4668-BE54-9A1E7A4F7556}") = "R5T.T0150", "..\..\R5T.T0150\source\R5T.T0150\R5T.T0150.csproj", "{9D319647-B72F-4DEB-9844-C13804C5DDAD}"
EndProject
Project("{9A19103F-16F7-4668-BE54-9A1E7A4F7556}") = "R5T.T0151", "..\..\R5T.T0151\source\R5T.T0151\R5T.T0151.csproj", "{E03E4245-C13A-4B64-A3FF-3AFCC54A59A7}"
EndProject
Project("{9A19103F-16F7-4668-BE54-9A1E7A4F7556}") = "R5T.T0156", "..\..\R5T.T0156\source\R5T.T0156\R5T.T0156.csproj", "{8BA9277E-1BB6-4E42-9178-821818E3E739}"
EndProject
Project("{9A19103F-16F7-4668-BE54-9A1E7A4F7556}") = "R5T.T0158", "..\..\R5T.T0158\source\R5T.T0158\R5T.T0158.csproj", "{288A07DB-F6EC-4E57-9D15-8D708ADE29AD}"
EndProject
Project("{9A19103F-16F7-4668-BE54-9A1E7A4F7556}") = "R5T.T0159", "..\..\R5T.T0159\source\R5T.T0159\R5T.T0159.csproj", "{76D859B7-4C44-4BFB-9AC2-1609A4779150}"
EndProject
Project("{9A19103F-16F7-4668-BE54-9A1E7A4F7556}") = "R5T.T0172", "..\..\R5T.T0172\source\R5T.T0172\R5T.T0172.csproj", "{640B5B38-B646-419E-B084-445460C0C39E}"
EndProject
Project("{9A19103F-16F7-4668-BE54-9A1E7A4F7556}") = "R5T.T0174", "..\..\R5T.T0174\source\R5T.T0174\R5T.T0174.csproj", "{D01A5838-086A-43C1-9441-0E19E285C8F3}"
EndProject
Project("{9A19103F-16F7-4668-BE54-9A1E7A4F7556}") = "R5T.T0176", "..\..\R5T.T0176\source\R5T.T0176\R5T.T0176.csproj", "{0913FA74-2E4B-4E9D-AD9E-FC571A6235FC}"
EndProject
Project("{9A19103F-16F7-4668-BE54-9A1E7A4F7556}") = "R5T.T0177", "..\..\R5T.T0177\source\R5T.T0177\R5T.T0177.csproj", "{B79691EC-D523-4EC8-A193-8CDDC4FCA5F8}"
EndProject
Project("{9A19103F-16F7-4668-BE54-9A1E7A4F7556}") = "R5T.T0178", "..\..\R5T.T0178\source\R5T.T0178\R5T.T0178.csproj", "{947C4F89-D26A-448F-846B-D932A98C2881}"
EndProject
Project("{9A19103F-16F7-4668-BE54-9A1E7A4F7556}") = "R5T.T0179", "..\..\R5T.T0179\source\R5T.T0179\R5T.T0179.csproj", "{F71012E2-6FE5-4A35-A0E3-C744C44DD0E3}"
EndProject
Project("{9A19103F-16F7-4668-BE54-9A1E7A4F7556}") = "R5T.T0180", "..\..\R5T.T0180\source\R5T.T0180\R5T.T0180.csproj", "{07D6B949-4797-426D-9A0B-2CA4A92BCF4C}"
EndProject
Project("{9A19103F-16F7-4668-BE54-9A1E7A4F7556}") = "R5T.T0181", "..\..\R5T.T0181\source\R5T.T0181\R5T.T0181.csproj", "{8098D39E-C998-4D0A-B447-3730646DD573}"
EndProject
Project("{9A19103F-16F7-4668-BE54-9A1E7A4F7556}") = "R5T.T0185", "..\..\R5T.T0185\source\R5T.T0185\R5T.T0185.csproj", "{39D255F3-C7C5-45D1-BFE7-3EB57975D99E}"
EndProject
Project("{9A19103F-16F7-4668-BE54-9A1E7A4F7556}") = "R5T.T0199.T000", "..\..\R5T.T0199\source\R5T.T0199.T000\R5T.T0199.T000.csproj", "{B168B4EE-355E-45CF-8DD2-3F17F2FF14B8}"
EndProject
Project("{9A19103F-16F7-4668-BE54-9A1E7A4F7556}") = "R5T.T0199.T001", "..\..\R5T.T0199\source\R5T.T0199.T001\R5T.T0199.T001.csproj", "{900C96BE-3AC8-45EF-86AB-16333B947208}"
EndProject
Project("{9A19103F-16F7-4668-BE54-9A1E7A4F7556}") = "R5T.T0199", "..\..\R5T.T0199\source\R5T.T0199\R5T.T0199.csproj", "{46F409D4-09AB-4197-A6CD-5CCCE13231B6}"
EndProject
Project("{9A19103F-16F7-4668-BE54-9A1E7A4F7556}") = "R5T.T0203", "..\..\R5T.T0203\source\R5T.T0203\R5T.T0203.csproj", "{7DF14BB2-42A5-4288-BCE0-49334832993F}"
EndProject
Project("{9A19103F-16F7-4668-BE54-9A1E7A4F7556}") = "R5T.T0213", "..\..\R5T.T0213\source\R5T.T0213\R5T.T0213.csproj", "{C2DA2186-07C2-4D96-8D48-6049982EF8F2}"
EndProject
Project("{9A19103F-16F7-4668-BE54-9A1E7A4F7556}") = "R5T.T0218", "..\..\R5T.T0218\source\R5T.T0218\R5T.T0218.csproj", "{843408A3-DDFC-477B-97FC-2FB60C6B240C}"
EndProject
Project("{9A19103F-16F7-4668-BE54-9A1E7A4F7556}") = "R5T.T0219", "..\..\R5T.T0219\source\R5T.T0219\R5T.T0219.csproj", "{07006388-1E1B-411D-96A5-9B4A7509DD49}"
EndProject
Project("{9A19103F-16F7-4668-BE54-9A1E7A4F7556}") = "R5T.T0220", "..\..\R5T.T0220\source\R5T.T0220\R5T.T0220.csproj", "{6FC10864-6A20-42C7-97E7-ADD76843D26B}"
EndProject
Project("{9A19103F-16F7-4668-BE54-9A1E7A4F7556}") = "R5T.T0221", "..\..\R5T.T0221\source\R5T.T0221\R5T.T0221.csproj", "{6C446A69-CD1C-462F-8F2F-0DE5A0A1141C}"
EndProject
Project("{9A19103F-16F7-4668-BE54-9A1E7A4F7556}") = "R5T.T0227", "..\..\R5T.T0227\source\R5T.T0227\R5T.T0227.csproj", "{ECCCDFEF-07F1-472E-9F28-A1EAE554C2F8}"
EndProject
Project("{9A19103F-16F7-4668-BE54-9A1E7A4F7556}") = "R5T.T0241", "..\..\R5T.T0241\source\R5T.T0241\R5T.T0241.csproj", "{60D0167F-9FEC-4FAB-9FD0-683812CEF5D6}"
EndProject
Project("{9A19103F-16F7-4668-BE54-9A1E7A4F7556}") = "R5T.Y0000", "..\..\R5T.Y0000\source\R5T.Y0000\R5T.Y0000.csproj", "{9E5BB857-26DB-40B4-8049-C3AA40C962C4}"
EndProject
Project("{9A19103F-16F7-4668-BE54-9A1E7A4F7556}") = "R5T.Y0006", "..\..\R5T.Y0006\source\R5T.Y0006\R5T.Y0006.csproj", "{FB41F239-1AE6-4A96-8C10-8C99F1D0837F}"
EndProject
Project("{9A19103F-16F7-4668-BE54-9A1E7A4F7556}") = "R5T.Z0000", "..\..\R5T.Z0000\source\R5T.Z0000\R5T.Z0000.csproj", "{6BA0F5C0-CFF8-4CC4-9C8D-F149AE601712}"
EndProject
Project("{9A19103F-16F7-4668-BE54-9A1E7A4F7556}") = "R5T.Z0010.Platform", "..\..\R5T.Z0010\source\R5T.Z0010.Platform\R5T.Z0010.Platform.csproj", "{0017FE9D-F99C-45AE-BC29-2262A7C2D0CC}"
EndProject
Project("{9A19103F-16F7-4668-BE54-9A1E7A4F7556}") = "R5T.Z0010", "..\..\R5T.Z0010\source\R5T.Z0010\R5T.Z0010.csproj", "{155D4A7C-9CF0-4AF0-B7C0-2DFCA5154FFD}"
EndProject
Project("{9A19103F-16F7-4668-BE54-9A1E7A4F7556}") = "R5T.Z0057.Platform", "..\..\R5T.Z0057\source\R5T.Z0057.Platform\R5T.Z0057.Platform.csproj", "{5E7BE5B0-1952-482F-A794-CCBCD54AF209}"
EndProject
Project("{9A19103F-16F7-4668-BE54-9A1E7A4F7556}") = "R5T.Z0057", "..\..\R5T.Z0057\source\R5T.Z0057\R5T.Z0057.csproj", "{A9FD4AD1-EC34-415F-B235-D4E9B8F1CD0E}"
EndProject
Project("{9A19103F-16F7-4668-BE54-9A1E7A4F7556}") = "R5T.Z0058", "..\..\R5T.Z0058\source\R5T.Z0058\R5T.Z0058.csproj", "{EC8B5C7A-D6B5-493F-BC73-A01256ADA105}"
EndProject
Project("{9A19103F-16F7-4668-BE54-9A1E7A4F7556}") = "R5T.Z0070.Z002", "R5T.Z0070.Z002\R5T.Z0070.Z002.csproj", "{E6499F2C-09F5-40DD-81E7-63279B5B750F}"
EndProject
Project("{9A19103F-16F7-4668-BE54-9A1E7A4F7556}") = "R5T.T0251", "..\..\R5T.T0251\source\R5T.T0251\R5T.T0251.csproj", "{BB85CD7E-FC52-42C5-9DA3-51A07FF8C31A}"
EndProject
Project("{9A19103F-16F7-4668-BE54-9A1E7A4F7556}") = "R5T.T0252", "..\..\R5T.T0252\source\R5T.T0252\R5T.T0252.csproj", "{6A683B4F-1742-4917-8400-945D9B4E0C7E}"
EndProject
Project("{9A19103F-16F7-4668-BE54-9A1E7A4F7556}") = "R5T.Z0072.Z000", "..\..\R5T.Z0072\source\R5T.Z0072.Z000\R5T.Z0072.Z000.csproj", "{55FF660A-D021-4143-BC8E-C821D49D00B3}"
EndProject
Project("{9A19103F-16F7-4668-BE54-9A1E7A4F7556}") = "R5T.Z0072.Z001", "..\..\R5T.Z0072\source\R5T.Z0072.Z001\R5T.Z0072.Z001.csproj", "{41DAC207-1299-469E-83B2-0B9EBAD1C4BF}"
EndProject
Project("{9A19103F-16F7-4668-BE54-9A1E7A4F7556}") = "R5T.Z0072.Z002", "..\..\R5T.Z0072\source\R5T.Z0072.Z002\R5T.Z0072.Z002.csproj", "{1460DAD4-A9A5-42CC-95E6-DD4CCAA5A3C2}"
EndProject
Project("{9A19103F-16F7-4668-BE54-9A1E7A4F7556}") = "R5T.Z0072.Z004", "..\..\R5T.Z0072\source\R5T.Z0072.Z004\R5T.Z0072.Z004.csproj", "{740EDF51-588F-4D79-97A6-65C3BFFC45EF}"
EndProject
Project("{9A19103F-16F7-4668-BE54-9A1E7A4F7556}") = "R5T.Z0070.Z001", "R5T.Z0070.Z001\R5T.Z0070.Z001.csproj", "{035BA2CC-FC88-4833-BD6E-911AAA30F2B2}"
EndProject
Project("{9A19103F-16F7-4668-BE54-9A1E7A4F7556}") = "R5T.Z0070.Z004", "R5T.Z0070.Z004\R5T.Z0070.Z004.csproj", "{05DD60E8-629E-4A52-9B2B-B05F6FECE7F0}"
EndProject
Global
	GlobalSection(NestedProjects) = preSolution
		{F568D5B4-6ED7-4D45-BCF8-3D12D2999CF8} = {06531EDD-B775-4984-A4CF-82CE58721CA7}
		{E1D43DD5-2D5F-4C69-91C2-AEF026F64EE5} = {06531EDD-B775-4984-A4CF-82CE58721CA7}
		{C21FC4B7-5F71-4A88-97FF-7741E7FB9B71} = {06531EDD-B775-4984-A4CF-82CE58721CA7}
		{4B561C34-13D1-4193-B464-130D0C9CB87E} = {06531EDD-B775-4984-A4CF-82CE58721CA7}
		{3CC694C3-5DA8-45A9-AD52-A9A63E4BF0E7} = {06531EDD-B775-4984-A4CF-82CE58721CA7}
		{AAA49BAE-CB04-47A2-AB8C-9378A756B22C} = {06531EDD-B775-4984-A4CF-82CE58721CA7}
		{97B89BC9-8613-4AEA-860C-630E9E273F07} = {06531EDD-B775-4984-A4CF-82CE58721CA7}
		{12ABE603-5F6E-4587-AC18-0CB157C3F016} = {06531EDD-B775-4984-A4CF-82CE58721CA7}
		{5A60F645-6057-481F-BCC1-569C24D88C4E} = {06531EDD-B775-4984-A4CF-82CE58721CA7}
		{EB57516E-C907-4488-A255-BF56B88F7DB3} = {06531EDD-B775-4984-A4CF-82CE58721CA7}
		{EA64C990-2544-4D39-98C2-E160814D1930} = {06531EDD-B775-4984-A4CF-82CE58721CA7}
		{9F30226F-AF63-4ABA-A9F6-B17D4D124C8D} = {06531EDD-B775-4984-A4CF-82CE58721CA7}
		{4210B568-BF6C-4DAF-85D9-EE2D13E566C8} = {06531EDD-B775-4984-A4CF-82CE58721CA7}
		{0E94EEF9-3A6F-4B2F-967C-95679A711587} = {06531EDD-B775-4984-A4CF-82CE58721CA7}
		{F584F513-7174-4B92-A557-AFEC856638E2} = {06531EDD-B775-4984-A4CF-82CE58721CA7}
		{D83671B5-32D8-4435-B87F-27747CE3D5A3} = {06531EDD-B775-4984-A4CF-82CE58721CA7}
		{C5C058ED-E072-4D50-A6AF-E61D037BA3C0} = {06531EDD-B775-4984-A4CF-82CE58721CA7}
		{B446BA7E-C3F0-4CB9-80D2-A8BF35FA5F81} = {06531EDD-B775-4984-A4CF-82CE58721CA7}
		{099CF8C1-D47E-47D4-A617-78D4571A7A16} = {06531EDD-B775-4984-A4CF-82CE58721CA7}
		{BA6413F4-10C8-4082-9D37-4CFF97D48885} = {06531EDD-B775-4984-A4CF-82CE58721CA7}
		{C5DD01C4-762C-46D0-9C32-34AA1EA29BBD} = {06531EDD-B775-4984-A4CF-82CE58721CA7}
		{E4CFC09E-F6D9-41B7-AB10-F91BA1FCD014} = {06531EDD-B775-4984-A4CF-82CE58721CA7}
		{0BCB04E3-EAB1-4111-86F5-ABA9FCF22705} = {06531EDD-B775-4984-A4CF-82CE58721CA7}
		{8B4CE599-333B-4AA7-B778-D582152C4DB9} = {06531EDD-B775-4984-A4CF-82CE58721CA7}
		{9D319647-B72F-4DEB-9844-C13804C5DDAD} = {06531EDD-B775-4984-A4CF-82CE58721CA7}
		{E03E4245-C13A-4B64-A3FF-3AFCC54A59A7} = {06531EDD-B775-4984-A4CF-82CE58721CA7}
		{8BA9277E-1BB6-4E42-9178-821818E3E739} = {06531EDD-B775-4984-A4CF-82CE58721CA7}
		{288A07DB-F6EC-4E57-9D15-8D708ADE29AD} = {06531EDD-B775-4984-A4CF-82CE58721CA7}
		{76D859B7-4C44-4BFB-9AC2-1609A4779150} = {06531EDD-B775-4984-A4CF-82CE58721CA7}
		{640B5B38-B646-419E-B084-445460C0C39E} = {06531EDD-B775-4984-A4CF-82CE58721CA7}
		{D01A5838-086A-43C1-9441-0E19E285C8F3} = {06531EDD-B775-4984-A4CF-82CE58721CA7}
		{0913FA74-2E4B-4E9D-AD9E-FC571A6235FC} = {06531EDD-B775-4984-A4CF-82CE58721CA7}
		{B79691EC-D523-4EC8-A193-8CDDC4FCA5F8} = {06531EDD-B775-4984-A4CF-82CE58721CA7}
		{947C4F89-D26A-448F-846B-D932A98C2881} = {06531EDD-B775-4984-A4CF-82CE58721CA7}
		{F71012E2-6FE5-4A35-A0E3-C744C44DD0E3} = {06531EDD-B775-4984-A4CF-82CE58721CA7}
		{07D6B949-4797-426D-9A0B-2CA4A92BCF4C} = {06531EDD-B775-4984-A4CF-82CE58721CA7}
		{8098D39E-C998-4D0A-B447-3730646DD573} = {06531EDD-B775-4984-A4CF-82CE58721CA7}
		{39D255F3-C7C5-45D1-BFE7-3EB57975D99E} = {06531EDD-B775-4984-A4CF-82CE58721CA7}
		{B168B4EE-355E-45CF-8DD2-3F17F2FF14B8} = {06531EDD-B775-4984-A4CF-82CE58721CA7}
		{900C96BE-3AC8-45EF-86AB-16333B947208} = {06531EDD-B775-4984-A4CF-82CE58721CA7}
		{46F409D4-09AB-4197-A6CD-5CCCE13231B6} = {06531EDD-B775-4984-A4CF-82CE58721CA7}
		{7DF14BB2-42A5-4288-BCE0-49334832993F} = {06531EDD-B775-4984-A4CF-82CE58721CA7}
		{C2DA2186-07C2-4D96-8D48-6049982EF8F2} = {06531EDD-B775-4984-A4CF-82CE58721CA7}
		{843408A3-DDFC-477B-97FC-2FB60C6B240C} = {06531EDD-B775-4984-A4CF-82CE58721CA7}
		{07006388-1E1B-411D-96A5-9B4A7509DD49} = {06531EDD-B775-4984-A4CF-82CE58721CA7}
		{6FC10864-6A20-42C7-97E7-ADD76843D26B} = {06531EDD-B775-4984-A4CF-82CE58721CA7}
		{6C446A69-CD1C-462F-8F2F-0DE5A0A1141C} = {06531EDD-B775-4984-A4CF-82CE58721CA7}
		{ECCCDFEF-07F1-472E-9F28-A1EAE554C2F8} = {06531EDD-B775-4984-A4CF-82CE58721CA7}
		{60D0167F-9FEC-4FAB-9FD0-683812CEF5D6} = {06531EDD-B775-4984-A4CF-82CE58721CA7}
		{9E5BB857-26DB-40B4-8049-C3AA40C962C4} = {06531EDD-B775-4984-A4CF-82CE58721CA7}
		{FB41F239-1AE6-4A96-8C10-8C99F1D0837F} = {06531EDD-B775-4984-A4CF-82CE58721CA7}
		{6BA0F5C0-CFF8-4CC4-9C8D-F149AE601712} = {06531EDD-B775-4984-A4CF-82CE58721CA7}
		{0017FE9D-F99C-45AE-BC29-2262A7C2D0CC} = {06531EDD-B775-4984-A4CF-82CE58721CA7}
		{155D4A7C-9CF0-4AF0-B7C0-2DFCA5154FFD} = {06531EDD-B775-4984-A4CF-82CE58721CA7}
		{5E7BE5B0-1952-482F-A794-CCBCD54AF209} = {06531EDD-B775-4984-A4CF-82CE58721CA7}
		{A9FD4AD1-EC34-415F-B235-D4E9B8F1CD0E} = {06531EDD-B775-4984-A4CF-82CE58721CA7}
		{EC8B5C7A-D6B5-493F-BC73-A01256ADA105} = {06531EDD-B775-4984-A4CF-82CE58721CA7}
		{BB85CD7E-FC52-42C5-9DA3-51A07FF8C31A} = {06531EDD-B775-4984-A4CF-82CE58721CA7}
		{6A683B4F-1742-4917-8400-945D9B4E0C7E} = {06531EDD-B775-4984-A4CF-82CE58721CA7}
		{55FF660A-D021-4143-BC8E-C821D49D00B3} = {06531EDD-B775-4984-A4CF-82CE58721CA7}
		{41DAC207-1299-469E-83B2-0B9EBAD1C4BF} = {06531EDD-B775-4984-A4CF-82CE58721CA7}
		{1460DAD4-A9A5-42CC-95E6-DD4CCAA5A3C2} = {06531EDD-B775-4984-A4CF-82CE58721CA7}
		{740EDF51-588F-4D79-97A6-65C3BFFC45EF} = {06531EDD-B775-4984-A4CF-82CE58721CA7}
	EndGlobalSection
	GlobalSection(SolutionConfigurationPlatforms) = preSolution
		Debug|Any CPU = Debug|Any CPU
		Release|Any CPU = Release|Any CPU
	EndGlobalSection
	GlobalSection(ProjectConfigurationPlatforms) = postSolution
		{896FDD6E-569D-4E96-9752-A3CBB2802977}.Debug|Any CPU.ActiveCfg = Debug|Any CPU
		{896FDD6E-569D-4E96-9752-A3CBB2802977}.Debug|Any CPU.Build.0 = Debug|Any CPU
		{896FDD6E-569D-4E96-9752-A3CBB2802977}.Release|Any CPU.ActiveCfg = Release|Any CPU
		{896FDD6E-569D-4E96-9752-A3CBB2802977}.Release|Any CPU.Build.0 = Release|Any CPU
		{B325A1EC-A18C-4486-B2A0-B14350905EE8}.Debug|Any CPU.ActiveCfg = Debug|Any CPU
		{B325A1EC-A18C-4486-B2A0-B14350905EE8}.Debug|Any CPU.Build.0 = Debug|Any CPU
		{B325A1EC-A18C-4486-B2A0-B14350905EE8}.Release|Any CPU.ActiveCfg = Release|Any CPU
		{B325A1EC-A18C-4486-B2A0-B14350905EE8}.Release|Any CPU.Build.0 = Release|Any CPU
		{33FEC98A-8806-41BF-91AB-87970CB46167}.Debug|Any CPU.ActiveCfg = Debug|Any CPU
		{33FEC98A-8806-41BF-91AB-87970CB46167}.Debug|Any CPU.Build.0 = Debug|Any CPU
		{33FEC98A-8806-41BF-91AB-87970CB46167}.Release|Any CPU.ActiveCfg = Release|Any CPU
		{33FEC98A-8806-41BF-91AB-87970CB46167}.Release|Any CPU.Build.0 = Release|Any CPU
		{F568D5B4-6ED7-4D45-BCF8-3D12D2999CF8}.Debug|Any CPU.ActiveCfg = Debug|Any CPU
		{F568D5B4-6ED7-4D45-BCF8-3D12D2999CF8}.Debug|Any CPU.Build.0 = Debug|Any CPU
		{F568D5B4-6ED7-4D45-BCF8-3D12D2999CF8}.Release|Any CPU.ActiveCfg = Release|Any CPU
		{F568D5B4-6ED7-4D45-BCF8-3D12D2999CF8}.Release|Any CPU.Build.0 = Release|Any CPU
		{E1D43DD5-2D5F-4C69-91C2-AEF026F64EE5}.Debug|Any CPU.ActiveCfg = Debug|Any CPU
		{E1D43DD5-2D5F-4C69-91C2-AEF026F64EE5}.Debug|Any CPU.Build.0 = Debug|Any CPU
		{E1D43DD5-2D5F-4C69-91C2-AEF026F64EE5}.Release|Any CPU.ActiveCfg = Release|Any CPU
		{E1D43DD5-2D5F-4C69-91C2-AEF026F64EE5}.Release|Any CPU.Build.0 = Release|Any CPU
		{C21FC4B7-5F71-4A88-97FF-7741E7FB9B71}.Debug|Any CPU.ActiveCfg = Debug|Any CPU
		{C21FC4B7-5F71-4A88-97FF-7741E7FB9B71}.Debug|Any CPU.Build.0 = Debug|Any CPU
		{C21FC4B7-5F71-4A88-97FF-7741E7FB9B71}.Release|Any CPU.ActiveCfg = Release|Any CPU
		{C21FC4B7-5F71-4A88-97FF-7741E7FB9B71}.Release|Any CPU.Build.0 = Release|Any CPU
		{4B561C34-13D1-4193-B464-130D0C9CB87E}.Debug|Any CPU.ActiveCfg = Debug|Any CPU
		{4B561C34-13D1-4193-B464-130D0C9CB87E}.Debug|Any CPU.Build.0 = Debug|Any CPU
		{4B561C34-13D1-4193-B464-130D0C9CB87E}.Release|Any CPU.ActiveCfg = Release|Any CPU
		{4B561C34-13D1-4193-B464-130D0C9CB87E}.Release|Any CPU.Build.0 = Release|Any CPU
		{3CC694C3-5DA8-45A9-AD52-A9A63E4BF0E7}.Debug|Any CPU.ActiveCfg = Debug|Any CPU
		{3CC694C3-5DA8-45A9-AD52-A9A63E4BF0E7}.Debug|Any CPU.Build.0 = Debug|Any CPU
		{3CC694C3-5DA8-45A9-AD52-A9A63E4BF0E7}.Release|Any CPU.ActiveCfg = Release|Any CPU
		{3CC694C3-5DA8-45A9-AD52-A9A63E4BF0E7}.Release|Any CPU.Build.0 = Release|Any CPU
		{AAA49BAE-CB04-47A2-AB8C-9378A756B22C}.Debug|Any CPU.ActiveCfg = Debug|Any CPU
		{AAA49BAE-CB04-47A2-AB8C-9378A756B22C}.Debug|Any CPU.Build.0 = Debug|Any CPU
		{AAA49BAE-CB04-47A2-AB8C-9378A756B22C}.Release|Any CPU.ActiveCfg = Release|Any CPU
		{AAA49BAE-CB04-47A2-AB8C-9378A756B22C}.Release|Any CPU.Build.0 = Release|Any CPU
		{97B89BC9-8613-4AEA-860C-630E9E273F07}.Debug|Any CPU.ActiveCfg = Debug|Any CPU
		{97B89BC9-8613-4AEA-860C-630E9E273F07}.Debug|Any CPU.Build.0 = Debug|Any CPU
		{97B89BC9-8613-4AEA-860C-630E9E273F07}.Release|Any CPU.ActiveCfg = Release|Any CPU
		{97B89BC9-8613-4AEA-860C-630E9E273F07}.Release|Any CPU.Build.0 = Release|Any CPU
		{12ABE603-5F6E-4587-AC18-0CB157C3F016}.Debug|Any CPU.ActiveCfg = Debug|Any CPU
		{12ABE603-5F6E-4587-AC18-0CB157C3F016}.Debug|Any CPU.Build.0 = Debug|Any CPU
		{12ABE603-5F6E-4587-AC18-0CB157C3F016}.Release|Any CPU.ActiveCfg = Release|Any CPU
		{12ABE603-5F6E-4587-AC18-0CB157C3F016}.Release|Any CPU.Build.0 = Release|Any CPU
		{5A60F645-6057-481F-BCC1-569C24D88C4E}.Debug|Any CPU.ActiveCfg = Debug|Any CPU
		{5A60F645-6057-481F-BCC1-569C24D88C4E}.Debug|Any CPU.Build.0 = Debug|Any CPU
		{5A60F645-6057-481F-BCC1-569C24D88C4E}.Release|Any CPU.ActiveCfg = Release|Any CPU
		{5A60F645-6057-481F-BCC1-569C24D88C4E}.Release|Any CPU.Build.0 = Release|Any CPU
		{EB57516E-C907-4488-A255-BF56B88F7DB3}.Debug|Any CPU.ActiveCfg = Debug|Any CPU
		{EB57516E-C907-4488-A255-BF56B88F7DB3}.Debug|Any CPU.Build.0 = Debug|Any CPU
		{EB57516E-C907-4488-A255-BF56B88F7DB3}.Release|Any CPU.ActiveCfg = Release|Any CPU
		{EB57516E-C907-4488-A255-BF56B88F7DB3}.Release|Any CPU.Build.0 = Release|Any CPU
		{EA64C990-2544-4D39-98C2-E160814D1930}.Debug|Any CPU.ActiveCfg = Debug|Any CPU
		{EA64C990-2544-4D39-98C2-E160814D1930}.Debug|Any CPU.Build.0 = Debug|Any CPU
		{EA64C990-2544-4D39-98C2-E160814D1930}.Release|Any CPU.ActiveCfg = Release|Any CPU
		{EA64C990-2544-4D39-98C2-E160814D1930}.Release|Any CPU.Build.0 = Release|Any CPU
		{9F30226F-AF63-4ABA-A9F6-B17D4D124C8D}.Debug|Any CPU.ActiveCfg = Debug|Any CPU
		{9F30226F-AF63-4ABA-A9F6-B17D4D124C8D}.Debug|Any CPU.Build.0 = Debug|Any CPU
		{9F30226F-AF63-4ABA-A9F6-B17D4D124C8D}.Release|Any CPU.ActiveCfg = Release|Any CPU
		{9F30226F-AF63-4ABA-A9F6-B17D4D124C8D}.Release|Any CPU.Build.0 = Release|Any CPU
		{4210B568-BF6C-4DAF-85D9-EE2D13E566C8}.Debug|Any CPU.ActiveCfg = Debug|Any CPU
		{4210B568-BF6C-4DAF-85D9-EE2D13E566C8}.Debug|Any CPU.Build.0 = Debug|Any CPU
		{4210B568-BF6C-4DAF-85D9-EE2D13E566C8}.Release|Any CPU.ActiveCfg = Release|Any CPU
		{4210B568-BF6C-4DAF-85D9-EE2D13E566C8}.Release|Any CPU.Build.0 = Release|Any CPU
		{0E94EEF9-3A6F-4B2F-967C-95679A711587}.Debug|Any CPU.ActiveCfg = Debug|Any CPU
		{0E94EEF9-3A6F-4B2F-967C-95679A711587}.Debug|Any CPU.Build.0 = Debug|Any CPU
		{0E94EEF9-3A6F-4B2F-967C-95679A711587}.Release|Any CPU.ActiveCfg = Release|Any CPU
		{0E94EEF9-3A6F-4B2F-967C-95679A711587}.Release|Any CPU.Build.0 = Release|Any CPU
		{F584F513-7174-4B92-A557-AFEC856638E2}.Debug|Any CPU.ActiveCfg = Debug|Any CPU
		{F584F513-7174-4B92-A557-AFEC856638E2}.Debug|Any CPU.Build.0 = Debug|Any CPU
		{F584F513-7174-4B92-A557-AFEC856638E2}.Release|Any CPU.ActiveCfg = Release|Any CPU
		{F584F513-7174-4B92-A557-AFEC856638E2}.Release|Any CPU.Build.0 = Release|Any CPU
		{D83671B5-32D8-4435-B87F-27747CE3D5A3}.Debug|Any CPU.ActiveCfg = Debug|Any CPU
		{D83671B5-32D8-4435-B87F-27747CE3D5A3}.Debug|Any CPU.Build.0 = Debug|Any CPU
		{D83671B5-32D8-4435-B87F-27747CE3D5A3}.Release|Any CPU.ActiveCfg = Release|Any CPU
		{D83671B5-32D8-4435-B87F-27747CE3D5A3}.Release|Any CPU.Build.0 = Release|Any CPU
		{C5C058ED-E072-4D50-A6AF-E61D037BA3C0}.Debug|Any CPU.ActiveCfg = Debug|Any CPU
		{C5C058ED-E072-4D50-A6AF-E61D037BA3C0}.Debug|Any CPU.Build.0 = Debug|Any CPU
		{C5C058ED-E072-4D50-A6AF-E61D037BA3C0}.Release|Any CPU.ActiveCfg = Release|Any CPU
		{C5C058ED-E072-4D50-A6AF-E61D037BA3C0}.Release|Any CPU.Build.0 = Release|Any CPU
		{B446BA7E-C3F0-4CB9-80D2-A8BF35FA5F81}.Debug|Any CPU.ActiveCfg = Debug|Any CPU
		{B446BA7E-C3F0-4CB9-80D2-A8BF35FA5F81}.Debug|Any CPU.Build.0 = Debug|Any CPU
		{B446BA7E-C3F0-4CB9-80D2-A8BF35FA5F81}.Release|Any CPU.ActiveCfg = Release|Any CPU
		{B446BA7E-C3F0-4CB9-80D2-A8BF35FA5F81}.Release|Any CPU.Build.0 = Release|Any CPU
		{099CF8C1-D47E-47D4-A617-78D4571A7A16}.Debug|Any CPU.ActiveCfg = Debug|Any CPU
		{099CF8C1-D47E-47D4-A617-78D4571A7A16}.Debug|Any CPU.Build.0 = Debug|Any CPU
		{099CF8C1-D47E-47D4-A617-78D4571A7A16}.Release|Any CPU.ActiveCfg = Release|Any CPU
		{099CF8C1-D47E-47D4-A617-78D4571A7A16}.Release|Any CPU.Build.0 = Release|Any CPU
		{BA6413F4-10C8-4082-9D37-4CFF97D48885}.Debug|Any CPU.ActiveCfg = Debug|Any CPU
		{BA6413F4-10C8-4082-9D37-4CFF97D48885}.Debug|Any CPU.Build.0 = Debug|Any CPU
		{BA6413F4-10C8-4082-9D37-4CFF97D48885}.Release|Any CPU.ActiveCfg = Release|Any CPU
		{BA6413F4-10C8-4082-9D37-4CFF97D48885}.Release|Any CPU.Build.0 = Release|Any CPU
		{C5DD01C4-762C-46D0-9C32-34AA1EA29BBD}.Debug|Any CPU.ActiveCfg = Debug|Any CPU
		{C5DD01C4-762C-46D0-9C32-34AA1EA29BBD}.Debug|Any CPU.Build.0 = Debug|Any CPU
		{C5DD01C4-762C-46D0-9C32-34AA1EA29BBD}.Release|Any CPU.ActiveCfg = Release|Any CPU
		{C5DD01C4-762C-46D0-9C32-34AA1EA29BBD}.Release|Any CPU.Build.0 = Release|Any CPU
		{E4CFC09E-F6D9-41B7-AB10-F91BA1FCD014}.Debug|Any CPU.ActiveCfg = Debug|Any CPU
		{E4CFC09E-F6D9-41B7-AB10-F91BA1FCD014}.Debug|Any CPU.Build.0 = Debug|Any CPU
		{E4CFC09E-F6D9-41B7-AB10-F91BA1FCD014}.Release|Any CPU.ActiveCfg = Release|Any CPU
		{E4CFC09E-F6D9-41B7-AB10-F91BA1FCD014}.Release|Any CPU.Build.0 = Release|Any CPU
		{0BCB04E3-EAB1-4111-86F5-ABA9FCF22705}.Debug|Any CPU.ActiveCfg = Debug|Any CPU
		{0BCB04E3-EAB1-4111-86F5-ABA9FCF22705}.Debug|Any CPU.Build.0 = Debug|Any CPU
		{0BCB04E3-EAB1-4111-86F5-ABA9FCF22705}.Release|Any CPU.ActiveCfg = Release|Any CPU
		{0BCB04E3-EAB1-4111-86F5-ABA9FCF22705}.Release|Any CPU.Build.0 = Release|Any CPU
		{8B4CE599-333B-4AA7-B778-D582152C4DB9}.Debug|Any CPU.ActiveCfg = Debug|Any CPU
		{8B4CE599-333B-4AA7-B778-D582152C4DB9}.Debug|Any CPU.Build.0 = Debug|Any CPU
		{8B4CE599-333B-4AA7-B778-D582152C4DB9}.Release|Any CPU.ActiveCfg = Release|Any CPU
		{8B4CE599-333B-4AA7-B778-D582152C4DB9}.Release|Any CPU.Build.0 = Release|Any CPU
		{9D319647-B72F-4DEB-9844-C13804C5DDAD}.Debug|Any CPU.ActiveCfg = Debug|Any CPU
		{9D319647-B72F-4DEB-9844-C13804C5DDAD}.Debug|Any CPU.Build.0 = Debug|Any CPU
		{9D319647-B72F-4DEB-9844-C13804C5DDAD}.Release|Any CPU.ActiveCfg = Release|Any CPU
		{9D319647-B72F-4DEB-9844-C13804C5DDAD}.Release|Any CPU.Build.0 = Release|Any CPU
		{E03E4245-C13A-4B64-A3FF-3AFCC54A59A7}.Debug|Any CPU.ActiveCfg = Debug|Any CPU
		{E03E4245-C13A-4B64-A3FF-3AFCC54A59A7}.Debug|Any CPU.Build.0 = Debug|Any CPU
		{E03E4245-C13A-4B64-A3FF-3AFCC54A59A7}.Release|Any CPU.ActiveCfg = Release|Any CPU
		{E03E4245-C13A-4B64-A3FF-3AFCC54A59A7}.Release|Any CPU.Build.0 = Release|Any CPU
		{8BA9277E-1BB6-4E42-9178-821818E3E739}.Debug|Any CPU.ActiveCfg = Debug|Any CPU
		{8BA9277E-1BB6-4E42-9178-821818E3E739}.Debug|Any CPU.Build.0 = Debug|Any CPU
		{8BA9277E-1BB6-4E42-9178-821818E3E739}.Release|Any CPU.ActiveCfg = Release|Any CPU
		{8BA9277E-1BB6-4E42-9178-821818E3E739}.Release|Any CPU.Build.0 = Release|Any CPU
		{288A07DB-F6EC-4E57-9D15-8D708ADE29AD}.Debug|Any CPU.ActiveCfg = Debug|Any CPU
		{288A07DB-F6EC-4E57-9D15-8D708ADE29AD}.Debug|Any CPU.Build.0 = Debug|Any CPU
		{288A07DB-F6EC-4E57-9D15-8D708ADE29AD}.Release|Any CPU.ActiveCfg = Release|Any CPU
		{288A07DB-F6EC-4E57-9D15-8D708ADE29AD}.Release|Any CPU.Build.0 = Release|Any CPU
		{76D859B7-4C44-4BFB-9AC2-1609A4779150}.Debug|Any CPU.ActiveCfg = Debug|Any CPU
		{76D859B7-4C44-4BFB-9AC2-1609A4779150}.Debug|Any CPU.Build.0 = Debug|Any CPU
		{76D859B7-4C44-4BFB-9AC2-1609A4779150}.Release|Any CPU.ActiveCfg = Release|Any CPU
		{76D859B7-4C44-4BFB-9AC2-1609A4779150}.Release|Any CPU.Build.0 = Release|Any CPU
		{640B5B38-B646-419E-B084-445460C0C39E}.Debug|Any CPU.ActiveCfg = Debug|Any CPU
		{640B5B38-B646-419E-B084-445460C0C39E}.Debug|Any CPU.Build.0 = Debug|Any CPU
		{640B5B38-B646-419E-B084-445460C0C39E}.Release|Any CPU.ActiveCfg = Release|Any CPU
		{640B5B38-B646-419E-B084-445460C0C39E}.Release|Any CPU.Build.0 = Release|Any CPU
		{D01A5838-086A-43C1-9441-0E19E285C8F3}.Debug|Any CPU.ActiveCfg = Debug|Any CPU
		{D01A5838-086A-43C1-9441-0E19E285C8F3}.Debug|Any CPU.Build.0 = Debug|Any CPU
		{D01A5838-086A-43C1-9441-0E19E285C8F3}.Release|Any CPU.ActiveCfg = Release|Any CPU
		{D01A5838-086A-43C1-9441-0E19E285C8F3}.Release|Any CPU.Build.0 = Release|Any CPU
		{0913FA74-2E4B-4E9D-AD9E-FC571A6235FC}.Debug|Any CPU.ActiveCfg = Debug|Any CPU
		{0913FA74-2E4B-4E9D-AD9E-FC571A6235FC}.Debug|Any CPU.Build.0 = Debug|Any CPU
		{0913FA74-2E4B-4E9D-AD9E-FC571A6235FC}.Release|Any CPU.ActiveCfg = Release|Any CPU
		{0913FA74-2E4B-4E9D-AD9E-FC571A6235FC}.Release|Any CPU.Build.0 = Release|Any CPU
		{B79691EC-D523-4EC8-A193-8CDDC4FCA5F8}.Debug|Any CPU.ActiveCfg = Debug|Any CPU
		{B79691EC-D523-4EC8-A193-8CDDC4FCA5F8}.Debug|Any CPU.Build.0 = Debug|Any CPU
		{B79691EC-D523-4EC8-A193-8CDDC4FCA5F8}.Release|Any CPU.ActiveCfg = Release|Any CPU
		{B79691EC-D523-4EC8-A193-8CDDC4FCA5F8}.Release|Any CPU.Build.0 = Release|Any CPU
		{947C4F89-D26A-448F-846B-D932A98C2881}.Debug|Any CPU.ActiveCfg = Debug|Any CPU
		{947C4F89-D26A-448F-846B-D932A98C2881}.Debug|Any CPU.Build.0 = Debug|Any CPU
		{947C4F89-D26A-448F-846B-D932A98C2881}.Release|Any CPU.ActiveCfg = Release|Any CPU
		{947C4F89-D26A-448F-846B-D932A98C2881}.Release|Any CPU.Build.0 = Release|Any CPU
		{F71012E2-6FE5-4A35-A0E3-C744C44DD0E3}.Debug|Any CPU.ActiveCfg = Debug|Any CPU
		{F71012E2-6FE5-4A35-A0E3-C744C44DD0E3}.Debug|Any CPU.Build.0 = Debug|Any CPU
		{F71012E2-6FE5-4A35-A0E3-C744C44DD0E3}.Release|Any CPU.ActiveCfg = Release|Any CPU
		{F71012E2-6FE5-4A35-A0E3-C744C44DD0E3}.Release|Any CPU.Build.0 = Release|Any CPU
		{07D6B949-4797-426D-9A0B-2CA4A92BCF4C}.Debug|Any CPU.ActiveCfg = Debug|Any CPU
		{07D6B949-4797-426D-9A0B-2CA4A92BCF4C}.Debug|Any CPU.Build.0 = Debug|Any CPU
		{07D6B949-4797-426D-9A0B-2CA4A92BCF4C}.Release|Any CPU.ActiveCfg = Release|Any CPU
		{07D6B949-4797-426D-9A0B-2CA4A92BCF4C}.Release|Any CPU.Build.0 = Release|Any CPU
		{8098D39E-C998-4D0A-B447-3730646DD573}.Debug|Any CPU.ActiveCfg = Debug|Any CPU
		{8098D39E-C998-4D0A-B447-3730646DD573}.Debug|Any CPU.Build.0 = Debug|Any CPU
		{8098D39E-C998-4D0A-B447-3730646DD573}.Release|Any CPU.ActiveCfg = Release|Any CPU
		{8098D39E-C998-4D0A-B447-3730646DD573}.Release|Any CPU.Build.0 = Release|Any CPU
		{39D255F3-C7C5-45D1-BFE7-3EB57975D99E}.Debug|Any CPU.ActiveCfg = Debug|Any CPU
		{39D255F3-C7C5-45D1-BFE7-3EB57975D99E}.Debug|Any CPU.Build.0 = Debug|Any CPU
		{39D255F3-C7C5-45D1-BFE7-3EB57975D99E}.Release|Any CPU.ActiveCfg = Release|Any CPU
		{39D255F3-C7C5-45D1-BFE7-3EB57975D99E}.Release|Any CPU.Build.0 = Release|Any CPU
		{B168B4EE-355E-45CF-8DD2-3F17F2FF14B8}.Debug|Any CPU.ActiveCfg = Debug|Any CPU
		{B168B4EE-355E-45CF-8DD2-3F17F2FF14B8}.Debug|Any CPU.Build.0 = Debug|Any CPU
		{B168B4EE-355E-45CF-8DD2-3F17F2FF14B8}.Release|Any CPU.ActiveCfg = Release|Any CPU
		{B168B4EE-355E-45CF-8DD2-3F17F2FF14B8}.Release|Any CPU.Build.0 = Release|Any CPU
		{900C96BE-3AC8-45EF-86AB-16333B947208}.Debug|Any CPU.ActiveCfg = Debug|Any CPU
		{900C96BE-3AC8-45EF-86AB-16333B947208}.Debug|Any CPU.Build.0 = Debug|Any CPU
		{900C96BE-3AC8-45EF-86AB-16333B947208}.Release|Any CPU.ActiveCfg = Release|Any CPU
		{900C96BE-3AC8-45EF-86AB-16333B947208}.Release|Any CPU.Build.0 = Release|Any CPU
		{46F409D4-09AB-4197-A6CD-5CCCE13231B6}.Debug|Any CPU.ActiveCfg = Debug|Any CPU
		{46F409D4-09AB-4197-A6CD-5CCCE13231B6}.Debug|Any CPU.Build.0 = Debug|Any CPU
		{46F409D4-09AB-4197-A6CD-5CCCE13231B6}.Release|Any CPU.ActiveCfg = Release|Any CPU
		{46F409D4-09AB-4197-A6CD-5CCCE13231B6}.Release|Any CPU.Build.0 = Release|Any CPU
		{7DF14BB2-42A5-4288-BCE0-49334832993F}.Debug|Any CPU.ActiveCfg = Debug|Any CPU
		{7DF14BB2-42A5-4288-BCE0-49334832993F}.Debug|Any CPU.Build.0 = Debug|Any CPU
		{7DF14BB2-42A5-4288-BCE0-49334832993F}.Release|Any CPU.ActiveCfg = Release|Any CPU
		{7DF14BB2-42A5-4288-BCE0-49334832993F}.Release|Any CPU.Build.0 = Release|Any CPU
		{C2DA2186-07C2-4D96-8D48-6049982EF8F2}.Debug|Any CPU.ActiveCfg = Debug|Any CPU
		{C2DA2186-07C2-4D96-8D48-6049982EF8F2}.Debug|Any CPU.Build.0 = Debug|Any CPU
		{C2DA2186-07C2-4D96-8D48-6049982EF8F2}.Release|Any CPU.ActiveCfg = Release|Any CPU
		{C2DA2186-07C2-4D96-8D48-6049982EF8F2}.Release|Any CPU.Build.0 = Release|Any CPU
		{843408A3-DDFC-477B-97FC-2FB60C6B240C}.Debug|Any CPU.ActiveCfg = Debug|Any CPU
		{843408A3-DDFC-477B-97FC-2FB60C6B240C}.Debug|Any CPU.Build.0 = Debug|Any CPU
		{843408A3-DDFC-477B-97FC-2FB60C6B240C}.Release|Any CPU.ActiveCfg = Release|Any CPU
		{843408A3-DDFC-477B-97FC-2FB60C6B240C}.Release|Any CPU.Build.0 = Release|Any CPU
		{07006388-1E1B-411D-96A5-9B4A7509DD49}.Debug|Any CPU.ActiveCfg = Debug|Any CPU
		{07006388-1E1B-411D-96A5-9B4A7509DD49}.Debug|Any CPU.Build.0 = Debug|Any CPU
		{07006388-1E1B-411D-96A5-9B4A7509DD49}.Release|Any CPU.ActiveCfg = Release|Any CPU
		{07006388-1E1B-411D-96A5-9B4A7509DD49}.Release|Any CPU.Build.0 = Release|Any CPU
		{6FC10864-6A20-42C7-97E7-ADD76843D26B}.Debug|Any CPU.ActiveCfg = Debug|Any CPU
		{6FC10864-6A20-42C7-97E7-ADD76843D26B}.Debug|Any CPU.Build.0 = Debug|Any CPU
		{6FC10864-6A20-42C7-97E7-ADD76843D26B}.Release|Any CPU.ActiveCfg = Release|Any CPU
		{6FC10864-6A20-42C7-97E7-ADD76843D26B}.Release|Any CPU.Build.0 = Release|Any CPU
		{6C446A69-CD1C-462F-8F2F-0DE5A0A1141C}.Debug|Any CPU.ActiveCfg = Debug|Any CPU
		{6C446A69-CD1C-462F-8F2F-0DE5A0A1141C}.Debug|Any CPU.Build.0 = Debug|Any CPU
		{6C446A69-CD1C-462F-8F2F-0DE5A0A1141C}.Release|Any CPU.ActiveCfg = Release|Any CPU
		{6C446A69-CD1C-462F-8F2F-0DE5A0A1141C}.Release|Any CPU.Build.0 = Release|Any CPU
		{ECCCDFEF-07F1-472E-9F28-A1EAE554C2F8}.Debug|Any CPU.ActiveCfg = Debug|Any CPU
		{ECCCDFEF-07F1-472E-9F28-A1EAE554C2F8}.Debug|Any CPU.Build.0 = Debug|Any CPU
		{ECCCDFEF-07F1-472E-9F28-A1EAE554C2F8}.Release|Any CPU.ActiveCfg = Release|Any CPU
		{ECCCDFEF-07F1-472E-9F28-A1EAE554C2F8}.Release|Any CPU.Build.0 = Release|Any CPU
		{60D0167F-9FEC-4FAB-9FD0-683812CEF5D6}.Debug|Any CPU.ActiveCfg = Debug|Any CPU
		{60D0167F-9FEC-4FAB-9FD0-683812CEF5D6}.Debug|Any CPU.Build.0 = Debug|Any CPU
		{60D0167F-9FEC-4FAB-9FD0-683812CEF5D6}.Release|Any CPU.ActiveCfg = Release|Any CPU
		{60D0167F-9FEC-4FAB-9FD0-683812CEF5D6}.Release|Any CPU.Build.0 = Release|Any CPU
		{9E5BB857-26DB-40B4-8049-C3AA40C962C4}.Debug|Any CPU.ActiveCfg = Debug|Any CPU
		{9E5BB857-26DB-40B4-8049-C3AA40C962C4}.Debug|Any CPU.Build.0 = Debug|Any CPU
		{9E5BB857-26DB-40B4-8049-C3AA40C962C4}.Release|Any CPU.ActiveCfg = Release|Any CPU
		{9E5BB857-26DB-40B4-8049-C3AA40C962C4}.Release|Any CPU.Build.0 = Release|Any CPU
		{FB41F239-1AE6-4A96-8C10-8C99F1D0837F}.Debug|Any CPU.ActiveCfg = Debug|Any CPU
		{FB41F239-1AE6-4A96-8C10-8C99F1D0837F}.Debug|Any CPU.Build.0 = Debug|Any CPU
		{FB41F239-1AE6-4A96-8C10-8C99F1D0837F}.Release|Any CPU.ActiveCfg = Release|Any CPU
		{FB41F239-1AE6-4A96-8C10-8C99F1D0837F}.Release|Any CPU.Build.0 = Release|Any CPU
		{6BA0F5C0-CFF8-4CC4-9C8D-F149AE601712}.Debug|Any CPU.ActiveCfg = Debug|Any CPU
		{6BA0F5C0-CFF8-4CC4-9C8D-F149AE601712}.Debug|Any CPU.Build.0 = Debug|Any CPU
		{6BA0F5C0-CFF8-4CC4-9C8D-F149AE601712}.Release|Any CPU.ActiveCfg = Release|Any CPU
		{6BA0F5C0-CFF8-4CC4-9C8D-F149AE601712}.Release|Any CPU.Build.0 = Release|Any CPU
		{0017FE9D-F99C-45AE-BC29-2262A7C2D0CC}.Debug|Any CPU.ActiveCfg = Debug|Any CPU
		{0017FE9D-F99C-45AE-BC29-2262A7C2D0CC}.Debug|Any CPU.Build.0 = Debug|Any CPU
		{0017FE9D-F99C-45AE-BC29-2262A7C2D0CC}.Release|Any CPU.ActiveCfg = Release|Any CPU
		{0017FE9D-F99C-45AE-BC29-2262A7C2D0CC}.Release|Any CPU.Build.0 = Release|Any CPU
		{155D4A7C-9CF0-4AF0-B7C0-2DFCA5154FFD}.Debug|Any CPU.ActiveCfg = Debug|Any CPU
		{155D4A7C-9CF0-4AF0-B7C0-2DFCA5154FFD}.Debug|Any CPU.Build.0 = Debug|Any CPU
		{155D4A7C-9CF0-4AF0-B7C0-2DFCA5154FFD}.Release|Any CPU.ActiveCfg = Release|Any CPU
		{155D4A7C-9CF0-4AF0-B7C0-2DFCA5154FFD}.Release|Any CPU.Build.0 = Release|Any CPU
		{5E7BE5B0-1952-482F-A794-CCBCD54AF209}.Debug|Any CPU.ActiveCfg = Debug|Any CPU
		{5E7BE5B0-1952-482F-A794-CCBCD54AF209}.Debug|Any CPU.Build.0 = Debug|Any CPU
		{5E7BE5B0-1952-482F-A794-CCBCD54AF209}.Release|Any CPU.ActiveCfg = Release|Any CPU
		{5E7BE5B0-1952-482F-A794-CCBCD54AF209}.Release|Any CPU.Build.0 = Release|Any CPU
		{A9FD4AD1-EC34-415F-B235-D4E9B8F1CD0E}.Debug|Any CPU.ActiveCfg = Debug|Any CPU
		{A9FD4AD1-EC34-415F-B235-D4E9B8F1CD0E}.Debug|Any CPU.Build.0 = Debug|Any CPU
		{A9FD4AD1-EC34-415F-B235-D4E9B8F1CD0E}.Release|Any CPU.ActiveCfg = Release|Any CPU
		{A9FD4AD1-EC34-415F-B235-D4E9B8F1CD0E}.Release|Any CPU.Build.0 = Release|Any CPU
		{EC8B5C7A-D6B5-493F-BC73-A01256ADA105}.Debug|Any CPU.ActiveCfg = Debug|Any CPU
		{EC8B5C7A-D6B5-493F-BC73-A01256ADA105}.Debug|Any CPU.Build.0 = Debug|Any CPU
		{EC8B5C7A-D6B5-493F-BC73-A01256ADA105}.Release|Any CPU.ActiveCfg = Release|Any CPU
		{EC8B5C7A-D6B5-493F-BC73-A01256ADA105}.Release|Any CPU.Build.0 = Release|Any CPU
		{E6499F2C-09F5-40DD-81E7-63279B5B750F}.Debug|Any CPU.ActiveCfg = Debug|Any CPU
		{E6499F2C-09F5-40DD-81E7-63279B5B750F}.Debug|Any CPU.Build.0 = Debug|Any CPU
		{E6499F2C-09F5-40DD-81E7-63279B5B750F}.Release|Any CPU.ActiveCfg = Release|Any CPU
		{E6499F2C-09F5-40DD-81E7-63279B5B750F}.Release|Any CPU.Build.0 = Release|Any CPU
		{BB85CD7E-FC52-42C5-9DA3-51A07FF8C31A}.Debug|Any CPU.ActiveCfg = Debug|Any CPU
		{BB85CD7E-FC52-42C5-9DA3-51A07FF8C31A}.Debug|Any CPU.Build.0 = Debug|Any CPU
		{BB85CD7E-FC52-42C5-9DA3-51A07FF8C31A}.Release|Any CPU.ActiveCfg = Release|Any CPU
		{BB85CD7E-FC52-42C5-9DA3-51A07FF8C31A}.Release|Any CPU.Build.0 = Release|Any CPU
		{6A683B4F-1742-4917-8400-945D9B4E0C7E}.Debug|Any CPU.ActiveCfg = Debug|Any CPU
		{6A683B4F-1742-4917-8400-945D9B4E0C7E}.Debug|Any CPU.Build.0 = Debug|Any CPU
		{6A683B4F-1742-4917-8400-945D9B4E0C7E}.Release|Any CPU.ActiveCfg = Release|Any CPU
		{6A683B4F-1742-4917-8400-945D9B4E0C7E}.Release|Any CPU.Build.0 = Release|Any CPU
		{55FF660A-D021-4143-BC8E-C821D49D00B3}.Debug|Any CPU.ActiveCfg = Debug|Any CPU
		{55FF660A-D021-4143-BC8E-C821D49D00B3}.Debug|Any CPU.Build.0 = Debug|Any CPU
		{55FF660A-D021-4143-BC8E-C821D49D00B3}.Release|Any CPU.ActiveCfg = Release|Any CPU
		{55FF660A-D021-4143-BC8E-C821D49D00B3}.Release|Any CPU.Build.0 = Release|Any CPU
		{41DAC207-1299-469E-83B2-0B9EBAD1C4BF}.Debug|Any CPU.ActiveCfg = Debug|Any CPU
		{41DAC207-1299-469E-83B2-0B9EBAD1C4BF}.Debug|Any CPU.Build.0 = Debug|Any CPU
		{41DAC207-1299-469E-83B2-0B9EBAD1C4BF}.Release|Any CPU.ActiveCfg = Release|Any CPU
		{41DAC207-1299-469E-83B2-0B9EBAD1C4BF}.Release|Any CPU.Build.0 = Release|Any CPU
		{1460DAD4-A9A5-42CC-95E6-DD4CCAA5A3C2}.Debug|Any CPU.ActiveCfg = Debug|Any CPU
		{1460DAD4-A9A5-42CC-95E6-DD4CCAA5A3C2}.Debug|Any CPU.Build.0 = Debug|Any CPU
		{1460DAD4-A9A5-42CC-95E6-DD4CCAA5A3C2}.Release|Any CPU.ActiveCfg = Release|Any CPU
		{1460DAD4-A9A5-42CC-95E6-DD4CCAA5A3C2}.Release|Any CPU.Build.0 = Release|Any CPU
		{740EDF51-588F-4D79-97A6-65C3BFFC45EF}.Debug|Any CPU.ActiveCfg = Debug|Any CPU
		{740EDF51-588F-4D79-97A6-65C3BFFC45EF}.Debug|Any CPU.Build.0 = Debug|Any CPU
		{740EDF51-588F-4D79-97A6-65C3BFFC45EF}.Release|Any CPU.ActiveCfg = Release|Any CPU
		{740EDF51-588F-4D79-97A6-65C3BFFC45EF}.Release|Any CPU.Build.0 = Release|Any CPU
		{035BA2CC-FC88-4833-BD6E-911AAA30F2B2}.Debug|Any CPU.ActiveCfg = Debug|Any CPU
		{035BA2CC-FC88-4833-BD6E-911AAA30F2B2}.Debug|Any CPU.Build.0 = Debug|Any CPU
		{035BA2CC-FC88-4833-BD6E-911AAA30F2B2}.Release|Any CPU.ActiveCfg = Release|Any CPU
		{035BA2CC-FC88-4833-BD6E-911AAA30F2B2}.Release|Any CPU.Build.0 = Release|Any CPU
		{05DD60E8-629E-4A52-9B2B-B05F6FECE7F0}.Debug|Any CPU.ActiveCfg = Debug|Any CPU
		{05DD60E8-629E-4A52-9B2B-B05F6FECE7F0}.Debug|Any CPU.Build.0 = Debug|Any CPU
		{05DD60E8-629E-4A52-9B2B-B05F6FECE7F0}.Release|Any CPU.ActiveCfg = Release|Any CPU
		{05DD60E8-629E-4A52-9B2B-B05F6FECE7F0}.Release|Any CPU.Build.0 = Release|Any CPU
	EndGlobalSection
	GlobalSection(SolutionProperties) = preSolution
		HideSolutionNode = FALSE
	EndGlobalSection
	GlobalSection(ExtensibilityGlobals) = postSolution
		SolutionGuid = {F05E2196-9506-486F-A082-BC4C740F3F00}
	EndGlobalSection
EndGlobal
