
Microsoft Visual Studio Solution File, Format Version 12.00
# Visual Studio Version 17
VisualStudioVersion = 17.2.32630.192
MinimumVisualStudioVersion = 10.0.40219.1
Project("{9A19103F-16F7-4668-BE54-9A1E7A4F7556}") = "R5T.Z0070", "R5T.Z0070\R5T.Z0070.csproj", "{AC013F3A-D03A-4349-82D7-A34372836F58}"
EndProject
Global
	GlobalSection(SolutionConfigurationPlatforms) = preSolution
		Debug|Any CPU = Debug|Any CPU
		Release|Any CPU = Release|Any CPU
	EndGlobalSection
	GlobalSection(ProjectConfigurationPlatforms) = postSolution
		{AC013F3A-D03A-4349-82D7-A34372836F58}.Debug|Any CPU.ActiveCfg = Debug|Any CPU
		{AC013F3A-D03A-4349-82D7-A34372836F58}.Debug|Any CPU.Build.0 = Debug|Any CPU
		{AC013F3A-D03A-4349-82D7-A34372836F58}.Release|Any CPU.ActiveCfg = Release|Any CPU
		{AC013F3A-D03A-4349-82D7-A34372836F58}.Release|Any CPU.Build.0 = Release|Any CPU
	EndGlobalSection
	GlobalSection(SolutionProperties) = preSolution
		HideSolutionNode = FALSE
	EndGlobalSection
	GlobalSection(ExtensibilityGlobals) = postSolution
		SolutionGuid = {0D996101-15AD-42BC-9FAE-C7EDD5E492D8}
	EndGlobalSection
EndGlobal
